<?xml version="1.0" encoding="utf-8"?>
<Project ToolsVersion="4.0" xmlns="http://schemas.microsoft.com/developer/msbuild/2003">
  <ItemGroup>
    <Filter Include="Исходные файлы">
      <UniqueIdentifier>{4FC737F1-C7A5-4376-A066-2A32D752A2FF}</UniqueIdentifier>
      <Extensions>cpp;c;cc;cxx;c++;cppm;ixx;def;odl;idl;hpj;bat;asm;asmx</Extensions>
    </Filter>
    <Filter Include="Файлы заголовков">
      <UniqueIdentifier>{93995380-89BD-4b04-88EB-625FBE52EBFB}</UniqueIdentifier>
      <Extensions>h;hh;hpp;hxx;h++;hm;inl;inc;ipp;xsd</Extensions>
    </Filter>
    <Filter Include="Файлы ресурсов">
      <UniqueIdentifier>{67DA6AB6-F800-4c08-8B7A-83BB121AAD01}</UniqueIdentifier>
      <Extensions>rc;ico;cur;bmp;dlg;rc2;rct;bin;rgs;gif;jpg;jpeg;jpe;resx;tiff;tif;png;wav;mfcribbon-ms</Extensions>
    </Filter>
    <Filter Include="Файлы заголовков\DrawerReader">
      <UniqueIdentifier>{86213c12-efb8-41bd-9803-25a42590de89}</UniqueIdentifier>
    </Filter>
    <Filter Include="Файлы ресурсов\DrawerReader">
      <UniqueIdentifier>{f8eb8023-b646-4517-827d-d7c403f956d0}</UniqueIdentifier>
    </Filter>
  </ItemGroup>
  <ItemGroup>
    <ClCompile Include="main.cpp">
      <Filter>Исходные файлы</Filter>
    </ClCompile>
    <ClCompile Include="BodiesSupport.h">
      <Filter>Файлы заголовков</Filter>
    </ClCompile>
    <ClCompile Include="CM_CavityModel2D_FromFile.cpp">
      <Filter>Файлы ресурсов\DrawerReader</Filter>
    </ClCompile>
    <ClCompile Include="Drawer.cpp">
      <Filter>Файлы ресурсов\DrawerReader</Filter>
    </ClCompile>
    <ClCompile Include="Bodies.cpp">
      <Filter>Файлы ресурсов</Filter>
    </ClCompile>
    <ClCompile Include="BodiesSupport.cpp">
      <Filter>Файлы ресурсов</Filter>
    </ClCompile>
    <ClCompile Include="Reader.cpp">
      <Filter>Файлы ресурсов\DrawerReader</Filter>
    </ClCompile>
    <ClCompile Include="Writer.cpp">
      <Filter>Файлы ресурсов\DrawerReader</Filter>
    </ClCompile>
    <ClCompile Include="CM_CavityModel2D.cpp">
      <Filter>Файлы ресурсов</Filter>
    </ClCompile>
  </ItemGroup>
  <ItemGroup>
    <ClInclude Include="CM_CavityModel2D.h">
      <Filter>Файлы заголовков</Filter>
    </ClInclude>
    <ClInclude Include="Bodies.h">
      <Filter>Файлы заголовков</Filter>
    </ClInclude>
    <ClInclude Include="Drawer.h">
      <Filter>Файлы заголовков\DrawerReader</Filter>
    </ClInclude>
    <ClInclude Include="Reader.h">
      <Filter>Файлы заголовков\DrawerReader</Filter>
    </ClInclude>
    <ClInclude Include="Writer.h">
      <Filter>Файлы заголовков\DrawerReader</Filter>
    </ClInclude>
    <ClInclude Include="CM_CavityModel2D_FromFile.h">
      <Filter>Файлы заголовков\DrawerReader</Filter>
    </ClInclude>
    <ClInclude Include="some_tests.h">
      <Filter>Файлы заголовков</Filter>
    </ClInclude>
    <ClInclude Include="stdafx.h">
      <Filter>Файлы заголовков</Filter>
    </ClInclude>
  </ItemGroup>
  <ItemGroup>
    <None Include="packages.config" />
  </ItemGroup>
</Project>